{
  "name": "number",
  "version": "1.0.0",
  "lockfileVersion": 1,
  "requires": true,
  "dependencies": {
    "chenji336-num": {
      "version": "1.0.0",
      "resolved": "https://registry.npm.taobao.org/chenji336-num/download/chenji336-num-1.0.0.tgz",
      "integrity": "sha1-r1fpiVQSXZLp3J3W5tSMLYUHX2E=",
      "dev": true
    }
  }
}
